// !$*UTF8*$!
{
	archiveVersion = 1;
	classes = {
	};
	objectVersion = 50;
	objects = {

/* Begin PBXBuildFile section */
		30E152D52591812200208045 /* JohnCardApp.swift in Sources */ = {isa = PBXBuildFile; fileRef = 30E152D42591812200208045 /* JohnCardApp.swift */; };
		30E152D72591812200208045 /* ContentView.swift in Sources */ = {isa = PBXBuildFile; fileRef = 30E152D62591812200208045 /* ContentView.swift */; };
		30E152D92591812300208045 /* Assets.xcassets in Resources */ = {isa = PBXBuildFile; fileRef = 30E152D82591812300208045 /* Assets.xcassets */; };
		30E152DC2591812300208045 /* Preview Assets.xcassets in Resources */ = {isa = PBXBuildFile; fileRef = 30E152DB2591812300208045 /* Preview Assets.xcassets */; };
		30E152E72591812300208045 /* JohnCardTests.swift in Sources */ = {isa = PBXBuildFile; fileRef = 30E152E62591812300208045 /* JohnCardTests.swift */; };
		30E152F22591812300208045 /* JohnCardUITests.swift in Sources */ = {isa = PBXBuildFile; fileRef = 30E152F12591812300208045 /* JohnCardUITests.swift */; };
/* End PBXBuildFile section */

/* Begin PBXContainerItemProxy section */
		30E152E32591812300208045 /* PBXContainerItemProxy */ = {
			isa = PBXContainerItemProxy;
			containerPortal = 30E152C92591812200208045 /* Project object */;
			proxyType = 1;
			remoteGlobalIDString = 30E152D02591812200208045;
			remoteInfo = JohnCard;
		};
		30E152EE2591812300208045 /* PBXContainerItemProxy */ = {
			isa = PBXContainerItemProxy;
			containerPortal = 30E152C92591812200208045 /* Project object */;
			proxyType = 1;
			remoteGlobalIDString = 30E152D02591812200208045;
			remoteInfo = JohnCard;
		};
/* End PBXContainerItemProxy section */

/* Begin PBXFileReference section */
		30E152D12591812200208045 /* JohnCard.app */ = {isa = PBXFileReference; explicitFileType = wrapper.application; includeInIndex = 0; path = JohnCard.app; sourceTree = BUILT_PRODUCTS_DIR; };
		30E152D42591812200208045 /* JohnCardApp.swift */ = {isa = PBXFileReference; lastKnownFileType = sourcecode.swift; path = JohnCardApp.swift; sourceTree = "<group>"; };
		30E152D62591812200208045 /* ContentView.swift */ = {isa = PBXFileReference; lastKnownFileType = sourcecode.swift; path = ContentView.swift; sourceTree = "<group>"; };
		30E152D82591812300208045 /* Assets.xcassets */ = {isa = PBXFileReference; lastKnownFileType = folder.assetcatalog; path = Assets.xcassets; sourceTree = "<group>"; };
		30E152DB2591812300208045 /* Preview Assets.xcassets */ = {isa = PBXFileReference; lastKnownFileType = folder.assetcatalog; path = "Preview Assets.xcassets"; sourceTree = "<group>"; };
		30E152DD2591812300208045 /* Info.plist */ = {isa = PBXFileReference; lastKnownFileType = text.plist.xml; path = Info.plist; sourceTree = "<group>"; };
		30E152E22591812300208045 /* JohnCardTests.xctest */ = {isa = PBXFileReference; explicitFileType = wrapper.cfbundle; includeInIndex = 0; path = JohnCardTests.xctest; sourceTree = BUILT_PRODUCTS_DIR; };
		30E152E62591812300208045 /* JohnCardTests.swift */ = {isa = PBXFileReference; lastKnownFileType = sourcecode.swift; path = JohnCardTests.swift; sourceTree = "<group>"; };
		30E152E82591812300208045 /* Info.plist */ = {isa = PBXFileReference; lastKnownFileType = text.plist.xml; path = Info.plist; sourceTree = "<group>"; };
		30E152ED2591812300208045 /* JohnCardUITests.xctest */ = {isa = PBXFileReference; explicitFileType = wrapper.cfbundle; includeInIndex = 0; path = JohnCardUITests.xctest; sourceTree = BUILT_PRODUCTS_DIR; };
		30E152F12591812300208045 /* JohnCardUITests.swift */ = {isa = PBXFileReference; lastKnownFileType = sourcecode.swift; path = JohnCardUITests.swift; sourceTree = "<group>"; };
		30E152F32591812300208045 /* Info.plist */ = {isa = PBXFileReference; lastKnownFileType = text.plist.xml; path = Info.plist; sourceTree = "<group>"; };
/* End PBXFileReference section */

/* Begin PBXFrameworksBuildPhase section */
		30E152CE2591812200208045 /* Frameworks */ = {
			isa = PBXFrameworksBuildPhase;
			buildActionMask = 2147483647;
			files = (
			);
			runOnlyForDeploymentPostprocessing = 0;
		};
		30E152DF2591812300208045 /* Frameworks */ = {
			isa = PBXFrameworksBuildPhase;
			buildActionMask = 2147483647;
			files = (
			);
			runOnlyForDeploymentPostprocessing = 0;
		};
		30E152EA2591812300208045 /* Frameworks */ = {
			isa = PBXFrameworksBuildPhase;
			buildActionMask = 2147483647;
			files = (
			);
			runOnlyForDeploymentPostprocessing = 0;
		};
/* End PBXFrameworksBuildPhase section */

/* Begin PBXGroup section */
		30E152C82591812200208045 = {
			isa = PBXGroup;
			children = (
				30E152D32591812200208045 /* JohnCard */,
				30E152E52591812300208045 /* JohnCardTests */,
				30E152F02591812300208045 /* JohnCardUITests */,
				30E152D22591812200208045 /* Products */,
			);
			sourceTree = "<group>";
		};
		30E152D22591812200208045 /* Products */ = {
			isa = PBXGroup;
			children = (
				30E152D12591812200208045 /* JohnCard.app */,
				30E152E22591812300208045 /* JohnCardTests.xctest */,
				30E152ED2591812300208045 /* JohnCardUITests.xctest */,
			);
			name = Products;
			sourceTree = "<group>";
		};
		30E152D32591812200208045 /* JohnCard */ = {
			isa = PBXGroup;
			children = (
				30E152D42591812200208045 /* JohnCardApp.swift */,
				30E152D62591812200208045 /* ContentView.swift */,
				30E152D82591812300208045 /* Assets.xcassets */,
				30E152DD2591812300208045 /* Info.plist */,
				30E152DA2591812300208045 /* Preview Content */,
			);
			path = JohnCard;
			sourceTree = "<group>";
		};
		30E152DA2591812300208045 /* Preview Content */ = {
			isa = PBXGroup;
			children = (
				30E152DB2591812300208045 /* Preview Assets.xcassets */,
			);
			path = "Preview Content";
			sourceTree = "<group>";
		};
		30E152E52591812300208045 /* JohnCardTests */ = {
			isa = PBXGroup;
			children = (
				30E152E62591812300208045 /* JohnCardTests.swift */,
				30E152E82591812300208045 /* Info.plist */,
			);
			path = JohnCardTests;
			sourceTree = "<group>";
		};
		30E152F02591812300208045 /* JohnCardUITests */ = {
			isa = PBXGroup;
			children = (
				30E152F12591812300208045 /* JohnCardUITests.swift */,
				30E152F32591812300208045 /* Info.plist */,
			);
			path = JohnCardUITests;
			sourceTree = "<group>";
		};
/* End PBXGroup section */

/* Begin PBXNativeTarget section */
		30E152D02591812200208045 /* JohnCard */ = {
			isa = PBXNativeTarget;
			buildConfigurationList = 30E152F62591812300208045 /* Build configuration list for PBXNativeTarget "JohnCard" */;
			buildPhases = (
				30E152CD2591812200208045 /* Sources */,
				30E152CE2591812200208045 /* Frameworks */,
				30E152CF2591812200208045 /* Resources */,
			);
			buildRules = (
			);
			dependencies = (
			);
			name = JohnCard;
			productName = JohnCard;
			productReference = 30E152D12591812200208045 /* JohnCard.app */;
			productType = "com.apple.product-type.application";
		};
		30E152E12591812300208045 /* JohnCardTests */ = {
			isa = PBXNativeTarget;
			buildConfigurationList = 30E152F92591812300208045 /* Build configuration list for PBXNativeTarget "JohnCardTests" */;
			buildPhases = (
				30E152DE2591812300208045 /* Sources */,
				30E152DF2591812300208045 /* Frameworks */,
				30E152E02591812300208045 /* Resources */,
			);
			buildRules = (
			);
			dependencies = (
				30E152E42591812300208045 /* PBXTargetDependency */,
			);
			name = JohnCardTests;
			productName = JohnCardTests;
			productReference = 30E152E22591812300208045 /* JohnCardTests.xctest */;
			productType = "com.apple.product-type.bundle.unit-test";
		};
		30E152EC2591812300208045 /* JohnCardUITests */ = {
			isa = PBXNativeTarget;
			buildConfigurationList = 30E152FC2591812300208045 /* Build configuration list for PBXNativeTarget "JohnCardUITests" */;
			buildPhases = (
				30E152E92591812300208045 /* Sources */,
				30E152EA2591812300208045 /* Frameworks */,
				30E152EB2591812300208045 /* Resources */,
			);
			buildRules = (
			);
			dependencies = (
				30E152EF2591812300208045 /* PBXTargetDependency */,
			);
			name = JohnCardUITests;
			productName = JohnCardUITests;
			productReference = 30E152ED2591812300208045 /* JohnCardUITests.xctest */;
			productType = "com.apple.product-type.bundle.ui-testing";
		};
/* End PBXNativeTarget section */

/* Begin PBXProject section */
		30E152C92591812200208045 /* Project object */ = {
			isa = PBXProject;
			attributes = {
				LastSwiftUpdateCheck = 1220;
				LastUpgradeCheck = 1220;
				TargetAttributes = {
					30E152D02591812200208045 = {
						CreatedOnToolsVersion = 12.2;
					};
					30E152E12591812300208045 = {
						CreatedOnToolsVersion = 12.2;
						TestTargetID = 30E152D02591812200208045;
					};
					30E152EC2591812300208045 = {
						CreatedOnToolsVersion = 12.2;
						TestTargetID = 30E152D02591812200208045;
					};
				};
			};
			buildConfigurationList = 30E152CC2591812200208045 /* Build configuration list for PBXProject "JohnCard" */;
			compatibilityVersion = "Xcode 9.3";
			developmentRegion = en;
			hasScannedForEncodings = 0;
			knownRegions = (
				en,
				Base,
			);
			mainGroup = 30E152C82591812200208045;
			productRefGroup = 30E152D22591812200208045 /* Products */;
			projectDirPath = "";
			projectRoot = "";
			targets = (
				30E152D02591812200208045 /* JohnCard */,
				30E152E12591812300208045 /* JohnCardTests */,
				30E152EC2591812300208045 /* JohnCardUITests */,
			);
		};
/* End PBXProject section */

/* Begin PBXResourcesBuildPhase section */
		30E152CF2591812200208045 /* Resources */ = {
			isa = PBXResourcesBuildPhase;
			buildActionMask = 2147483647;
			files = (
				30E152DC2591812300208045 /* Preview Assets.xcassets in Resources */,
				30E152D92591812300208045 /* Assets.xcassets in Resources */,
			);
			runOnlyForDeploymentPostprocessing = 0;
		};
		30E152E02591812300208045 /* Resources */ = {
			isa = PBXResourcesBuildPhase;
			buildActionMask = 2147483647;
			files = (
			);
			runOnlyForDeploymentPostprocessing = 0;
		};
		30E152EB2591812300208045 /* Resources */ = {
			isa = PBXResourcesBuildPhase;
			buildActionMask = 2147483647;
			files = (
			);
			runOnlyForDeploymentPostprocessing = 0;
		};
/* End PBXResourcesBuildPhase section */

/* Begin PBXSourcesBuildPhase section */
		30E152CD2591812200208045 /* Sources */ = {
			isa = PBXSourcesBuildPhase;
			buildActionMask = 2147483647;
			files = (
				30E152D72591812200208045 /* ContentView.swift in Sources */,
				30E152D52591812200208045 /* JohnCardApp.swift in Sources */,
			);
			runOnlyForDeploymentPostprocessing = 0;
		};
		30E152DE2591812300208045 /* Sources */ = {
			isa = PBXSourcesBuildPhase;
			buildActionMask = 2147483647;
			files = (
				30E152E72591812300208045 /* JohnCardTests.swift in Sources */,
			);
			runOnlyForDeploymentPostprocessing = 0;
		};
		30E152E92591812300208045 /* Sources */ = {
			isa = PBXSourcesBuildPhase;
			buildActionMask = 2147483647;
			files = (
				30E152F22591812300208045 /* JohnCardUITests.swift in Sources */,
			);
			runOnlyForDeploymentPostprocessing = 0;
		};
/* End PBXSourcesBuildPhase section */

/* Begin PBXTargetDependency section */
		30E152E42591812300208045 /* PBXTargetDependency */ = {
			isa = PBXTargetDependency;
			target = 30E152D02591812200208045 /* JohnCard */;
			targetProxy = 30E152E32591812300208045 /* PBXContainerItemProxy */;
		};
		30E152EF2591812300208045 /* PBXTargetDependency */ = {
			isa = PBXTargetDependency;
			target = 30E152D02591812200208045 /* JohnCard */;
			targetProxy = 30E152EE2591812300208045 /* PBXContainerItemProxy */;
		};
/* End PBXTargetDependency section */

/* Begin XCBuildConfiguration section */
		30E152F42591812300208045 /* Debug */ = {
			isa = XCBuildConfiguration;
			buildSettings = {
				ALWAYS_SEARCH_USER_PATHS = NO;
				CLANG_ANALYZER_NONNULL = YES;
				CLANG_ANALYZER_NUMBER_OBJECT_CONVERSION = YES_AGGRESSIVE;
				CLANG_CXX_LANGUAGE_STANDARD = "gnu++14";
				CLANG_CXX_LIBRARY = "libc++";
				CLANG_ENABLE_MODULES = YES;
				CLANG_ENABLE_OBJC_ARC = YES;
				CLANG_ENABLE_OBJC_WEAK = YES;
				CLANG_WARN_BLOCK_CAPTURE_AUTORELEASING = YES;
				CLANG_WARN_BOOL_CONVERSION = YES;
				CLANG_WARN_COMMA = YES;
				CLANG_WARN_CONSTANT_CONVERSION = YES;
				CLANG_WARN_DEPRECATED_OBJC_IMPLEMENTATIONS = YES;
				CLANG_WARN_DIRECT_OBJC_ISA_USAGE = YES_ERROR;
				CLANG_WARN_DOCUMENTATION_COMMENTS = YES;
				CLANG_WARN_EMPTY_BODY = YES;
				CLANG_WARN_ENUM_CONVERSION = YES;
				CLANG_WARN_INFINITE_RECURSION = YES;
				CLANG_WARN_INT_CONVERSION = YES;
				CLANG_WARN_NON_LITERAL_NULL_CONVERSION = YES;
				CLANG_WARN_OBJC_IMPLICIT_RETAIN_SELF = YES;
				CLANG_WARN_OBJC_LITERAL_CONVERSION = YES;
				CLANG_WARN_OBJC_ROOT_CLASS = YES_ERROR;
				CLANG_WARN_QUOTED_INCLUDE_IN_FRAMEWORK_HEADER = YES;
				CLANG_WARN_RANGE_LOOP_ANALYSIS = YES;
				CLANG_WARN_STRICT_PROTOTYPES = YES;
				CLANG_WARN_SUSPICIOUS_MOVE = YES;
				CLANG_WARN_UNGUARDED_AVAILABILITY = YES_AGGRESSIVE;
				CLANG_WARN_UNREACHABLE_CODE = YES;
				CLANG_WARN__DUPLICATE_METHOD_MATCH = YES;
				COPY_PHASE_STRIP = NO;
				DEBUG_INFORMATION_FORMAT = dwarf;
				ENABLE_STRICT_OBJC_MSGSEND = YES;
				ENABLE_TESTABILITY = YES;
				GCC_C_LANGUAGE_STANDARD = gnu11;
				GCC_DYNAMIC_NO_PIC = NO;
				GCC_NO_COMMON_BLOCKS = YES;
				GCC_OPTIMIZATION_LEVEL = 0;
				GCC_PREPROCESSOR_DEFINITIONS = (
					"DEBUG=1",
					"$(inherited)",
				);
				GCC_WARN_64_TO_32_BIT_CONVERSION = YES;
				GCC_WARN_ABOUT_RETURN_TYPE = YES_ERROR;
				GCC_WARN_UNDECLARED_SELECTOR = YES;
				GCC_WARN_UNINITIALIZED_AUTOS = YES_AGGRESSIVE;
				GCC_WARN_UNUSED_FUNCTION = YES;
				GCC_WARN_UNUSED_VARIABLE = YES;
				IPHONEOS_DEPLOYMENT_TARGET = 14.2;
				MTL_ENABLE_DEBUG_INFO = INCLUDE_SOURCE;
				MTL_FAST_MATH = YES;
				ONLY_ACTIVE_ARCH = YES;
				SDKROOT = iphoneos;
				SWIFT_ACTIVE_COMPILATION_CONDITIONS = DEBUG;
				SWIFT_OPTIMIZATION_LEVEL = "-Onone";
			};
			name = Debug;
		};
		30E152F52591812300208045 /* Release */ = {
			isa = XCBuildConfiguration;
			buildSettings = {
				ALWAYS_SEARCH_USER_PATHS = NO;
				CLANG_ANALYZER_NONNULL = YES;
				CLANG_ANALYZER_NUMBER_OBJECT_CONVERSION = YES_AGGRESSIVE;
				CLANG_CXX_LANGUAGE_STANDARD = "gnu++14";
				CLANG_CXX_LIBRARY = "libc++";
				CLANG_ENABLE_MODULES = YES;
				CLANG_ENABLE_OBJC_ARC = YES;
				CLANG_ENABLE_OBJC_WEAK = YES;
				CLANG_WARN_BLOCK_CAPTURE_AUTORELEASING = YES;
				CLANG_WARN_BOOL_CONVERSION = YES;
				CLANG_WARN_COMMA = YES;
				CLANG_WARN_CONSTANT_CONVERSION = YES;
				CLANG_WARN_DEPRECATED_OBJC_IMPLEMENTATIONS = YES;
				CLANG_WARN_DIRECT_OBJC_ISA_USAGE = YES_ERROR;
				CLANG_WARN_DOCUMENTATION_COMMENTS = YES;
				CLANG_WARN_EMPTY_BODY = YES;
				CLANG_WARN_ENUM_CONVERSION = YES;
				CLANG_WARN_INFINITE_RECURSION = YES;
				CLANG_WARN_INT_CONVERSION = YES;
				CLANG_WARN_NON_LITERAL_NULL_CONVERSION = YES;
				CLANG_WARN_OBJC_IMPLICIT_RETAIN_SELF = YES;
				CLANG_WARN_OBJC_LITERAL_CONVERSION = YES;
				CLANG_WARN_OBJC_ROOT_CLASS = YES_ERROR;
				CLANG_WARN_QUOTED_INCLUDE_IN_FRAMEWORK_HEADER = YES;
				CLANG_WARN_RANGE_LOOP_ANALYSIS = YES;
				CLANG_WARN_STRICT_PROTOTYPES = YES;
				CLANG_WARN_SUSPICIOUS_MOVE = YES;
				CLANG_WARN_UNGUARDED_AVAILABILITY = YES_AGGRESSIVE;
				CLANG_WARN_UNREACHABLE_CODE = YES;
				CLANG_WARN__DUPLICATE_METHOD_MATCH = YES;
				COPY_PHASE_STRIP = NO;
				DEBUG_INFORMATION_FORMAT = "dwarf-with-dsym";
				ENABLE_NS_ASSERTIONS = NO;
				ENABLE_STRICT_OBJC_MSGSEND = YES;
				GCC_C_LANGUAGE_STANDARD = gnu11;
				GCC_NO_COMMON_BLOCKS = YES;
				GCC_WARN_64_TO_32_BIT_CONVERSION = YES;
				GCC_WARN_ABOUT_RETURN_TYPE = YES_ERROR;
				GCC_WARN_UNDECLARED_SELECTOR = YES;
				GCC_WARN_UNINITIALIZED_AUTOS = YES_AGGRESSIVE;
				GCC_WARN_UNUSED_FUNCTION = YES;
				GCC_WARN_UNUSED_VARIABLE = YES;
				IPHONEOS_DEPLOYMENT_TARGET = 14.2;
				MTL_ENABLE_DEBUG_INFO = NO;
				MTL_FAST_MATH = YES;
				SDKROOT = iphoneos;
				SWIFT_COMPILATION_MODE = wholemodule;
				SWIFT_OPTIMIZATION_LEVEL = "-O";
				VALIDATE_PRODUCT = YES;
			};
			name = Release;
		};
		30E152F72591812300208045 /* Debug */ = {
			isa = XCBuildConfiguration;
			buildSettings = {
				ASSETCATALOG_COMPILER_APPICON_NAME = AppIcon;
				ASSETCATALOG_COMPILER_GLOBAL_ACCENT_COLOR_NAME = AccentColor;
				CODE_SIGN_STYLE = Automatic;
				DEVELOPMENT_ASSET_PATHS = "\"JohnCard/Preview Content\"";
				DEVELOPMENT_TEAM = C4JG24H593;
				ENABLE_PREVIEWS = YES;
				INFOPLIST_FILE = JohnCard/Info.plist;
				IPHONEOS_DEPLOYMENT_TARGET = 14.0;
				LD_RUNPATH_SEARCH_PATHS = (
					"$(inherited)",
					"@executable_path/Frameworks",
				);
				PRODUCT_BUNDLE_IDENTIFIER = codes.johnbrennan.JohnCard;
				PRODUCT_NAME = "$(TARGET_NAME)";
				SWIFT_VERSION = 5.0;
				TARGETED_DEVICE_FAMILY = "1,2";
			};
			name = Debug;
		};
		30E152F82591812300208045 /* Release */ = {
			isa = XCBuildConfiguration;
			buildSettings = {
				ASSETCATALOG_COMPILER_APPICON_NAME = AppIcon;
				ASSETCATALOG_COMPILER_GLOBAL_ACCENT_COLOR_NAME = AccentColor;
				CODE_SIGN_STYLE = Automatic;
				DEVELOPMENT_ASSET_PATHS = "\"JohnCard/Preview Content\"";
				DEVELOPMENT_TEAM = C4JG24H593;
				ENABLE_PREVIEWS = YES;
				INFOPLIST_FILE = JohnCard/Info.plist;
				IPHONEOS_DEPLOYMENT_TARGET = 14.0;
				LD_RUNPATH_SEARCH_PATHS = (
					"$(inherited)",
					"@executable_path/Frameworks",
				);
				PRODUCT_BUNDLE_IDENTIFIER = codes.johnbrennan.JohnCard;
				PRODUCT_NAME = "$(TARGET_NAME)";
				SWIFT_VERSION = 5.0;
				TARGETED_DEVICE_FAMILY = "1,2";
			};
			name = Release;
		};
		30E152FA2591812300208045 /* Debug */ = {
			isa = XCBuildConfiguration;
			buildSettings = {
				ALWAYS_EMBED_SWIFT_STANDARD_LIBRARIES = YES;
				BUNDLE_LOADER = "$(TEST_HOST)";
				CODE_SIGN_STYLE = Automatic;
				DEVELOPMENT_TEAM = C4JG24H593;
				INFOPLIST_FILE = JohnCardTests/Info.plist;
				IPHONEOS_DEPLOYMENT_TARGET = 14.0;
				LD_RUNPATH_SEARCH_PATHS = (
					"$(inherited)",
					"@executable_path/Frameworks",
					"@loader_path/Frameworks",
				);
				PRODUCT_BUNDLE_IDENTIFIER = codes.johnbrennan.JohnCardTests;
				PRODUCT_NAME = "$(TARGET_NAME)";
				SWIFT_VERSION = 5.0;
				TARGETED_DEVICE_FAMILY = "1,2";
				TEST_HOST = "$(BUILT_PRODUCTS_DIR)/JohnCard.app/JohnCard";
			};
			name = Debug;
		};
		30E152FB2591812300208045 /* Release */ = {
			isa = XCBuildConfiguration;
			buildSettings = {
				ALWAYS_EMBED_SWIFT_STANDARD_LIBRARIES = YES;
				BUNDLE_LOADER = "$(TEST_HOST)";
				CODE_SIGN_STYLE = Automatic;
				DEVELOPMENT_TEAM = C4JG24H593;
				INFOPLIST_FILE = JohnCardTests/Info.plist;
				IPHONEOS_DEPLOYMENT_TARGET = 14.0;
				LD_RUNPATH_SEARCH_PATHS = (
					"$(inherited)",
					"@executable_path/Frameworks",
					"@loader_path/Frameworks",
				);
				PRODUCT_BUNDLE_IDENTIFIER = codes.johnbrennan.JohnCardTests;
				PRODUCT_NAME = "$(TARGET_NAME)";
				SWIFT_VERSION = 5.0;
				TARGETED_DEVICE_FAMILY = "1,2";
				TEST_HOST = "$(BUILT_PRODUCTS_DIR)/JohnCard.app/JohnCard";
			};
			name = Release;
		};
		30E152FD2591812300208045 /* Debug */ = {
			isa = XCBuildConfiguration;
			buildSettings = {
				ALWAYS_EMBED_SWIFT_STANDARD_LIBRARIES = YES;
				CODE_SIGN_STYLE = Automatic;
				DEVELOPMENT_TEAM = C4JG24H593;
				INFOPLIST_FILE = JohnCardUITests/Info.plist;
				LD_RUNPATH_SEARCH_PATHS = (
					"$(inherited)",
					"@executable_path/Frameworks",
					"@loader_path/Frameworks",
				);
				PRODUCT_BUNDLE_IDENTIFIER = codes.johnbrennan.JohnCardUITests;
				PRODUCT_NAME = "$(TARGET_NAME)";
				SWIFT_VERSION = 5.0;
				TARGETED_DEVICE_FAMILY = "1,2";
				TEST_TARGET_NAME = JohnCard;
			};
			name = Debug;
		};
		30E152FE2591812300208045 /* Release */ = {
			isa = XCBuildConfiguration;
			buildSettings = {
				ALWAYS_EMBED_SWIFT_STANDARD_LIBRARIES = YES;
				CODE_SIGN_STYLE = Automatic;
				DEVELOPMENT_TEAM = C4JG24H593;
				INFOPLIST_FILE = JohnCardUITests/Info.plist;
				LD_RUNPATH_SEARCH_PATHS = (
					"$(inherited)",
					"@executable_path/Frameworks",
					"@loader_path/Frameworks",
				);
				PRODUCT_BUNDLE_IDENTIFIER = codes.johnbrennan.JohnCardUITests;
				PRODUCT_NAME = "$(TARGET_NAME)";
				SWIFT_VERSION = 5.0;
				TARGETED_DEVICE_FAMILY = "1,2";
				TEST_TARGET_NAME = JohnCard;
			};
			name = Release;
		};
/* End XCBuildConfiguration section */

/* Begin XCConfigurationList section */
		30E152CC2591812200208045 /* Build configuration list for PBXProject "JohnCard" */ = {
			isa = XCConfigurationList;
			buildConfigurations = (
				30E152F42591812300208045 /* Debug */,
				30E152F52591812300208045 /* Release */,
			);
			defaultConfigurationIsVisible = 0;
			defaultConfigurationName = Release;
		};
		30E152F62591812300208045 /* Build configuration list for PBXNativeTarget "JohnCard" */ = {
			isa = XCConfigurationList;
			buildConfigurations = (
				30E152F72591812300208045 /* Debug */,
				30E152F82591812300208045 /* Release */,
			);
			defaultConfigurationIsVisible = 0;
			defaultConfigurationName = Release;
		};
		30E152F92591812300208045 /* Build configuration list for PBXNativeTarget "JohnCardTests" */ = {
			isa = XCConfigurationList;
			buildConfigurations = (
				30E152FA2591812300208045 /* Debug */,
				30E152FB2591812300208045 /* Release */,
			);
			defaultConfigurationIsVisible = 0;
			defaultConfigurationName = Release;
		};
		30E152FC2591812300208045 /* Build configuration list for PBXNativeTarget "JohnCardUITests" */ = {
			isa = XCConfigurationList;
			buildConfigurations = (
				30E152FD2591812300208045 /* Debug */,
				30E152FE2591812300208045 /* Release */,
			);
			defaultConfigurationIsVisible = 0;
			defaultConfigurationName = Release;
		};
/* End XCConfigurationList section */
	};
	rootObject = 30E152C92591812200208045 /* Project object */;
}
